// !$*UTF8*$!
{
	archiveVersion = 1;
	classes = {
	};
	objectVersion = 46;
	objects = {

/* Begin PBXBuildFile section */
		18457E2B1F1C5C41000E8D3A /* main.m in Sources */ = {isa = PBXBuildFile; fileRef = 18457E2A1F1C5C41000E8D3A /* main.m */; };
		18457E2E1F1C5C41000E8D3A /* AppDelegate.m in Sources */ = {isa = PBXBuildFile; fileRef = 18457E2D1F1C5C41000E8D3A /* AppDelegate.m */; };
		18457E311F1C5C41000E8D3A /* ViewController.m in Sources */ = {isa = PBXBuildFile; fileRef = 18457E301F1C5C41000E8D3A /* ViewController.m */; };
		18457E341F1C5C41000E8D3A /* Main.storyboard in Resources */ = {isa = PBXBuildFile; fileRef = 18457E321F1C5C41000E8D3A /* Main.storyboard */; };
		18457E361F1C5C41000E8D3A /* Assets.xcassets in Resources */ = {isa = PBXBuildFile; fileRef = 18457E351F1C5C41000E8D3A /* Assets.xcassets */; };
		18457E391F1C5C41000E8D3A /* LaunchScreen.storyboard in Resources */ = {isa = PBXBuildFile; fileRef = 18457E371F1C5C41000E8D3A /* LaunchScreen.storyboard */; };
		18457E441F1C5C41000E8D3A /* screenShotShareTests.m in Sources */ = {isa = PBXBuildFile; fileRef = 18457E431F1C5C41000E8D3A /* screenShotShareTests.m */; };
		18457E4F1F1C5C41000E8D3A /* screenShotShareUITests.m in Sources */ = {isa = PBXBuildFile; fileRef = 18457E4E1F1C5C41000E8D3A /* screenShotShareUITests.m */; };
		18457E611F1C5D90000E8D3A /* WechatIMG15.jpeg in Resources */ = {isa = PBXBuildFile; fileRef = 18457E601F1C5D90000E8D3A /* WechatIMG15.jpeg */; };
		18457E6B1F1C5ED0000E8D3A /* DPScreenshotsPopView.m in Sources */ = {isa = PBXBuildFile; fileRef = 18457E641F1C5ED0000E8D3A /* DPScreenshotsPopView.m */; };
		18457E6C1F1C5ED0000E8D3A /* ShotBlocker.m in Sources */ = {isa = PBXBuildFile; fileRef = 18457E671F1C5ED0000E8D3A /* ShotBlocker.m */; };
		18457E6D1F1C5ED0000E8D3A /* YLButton.m in Sources */ = {isa = PBXBuildFile; fileRef = 18457E6A1F1C5ED0000E8D3A /* YLButton.m */; };
/* End PBXBuildFile section */

/* Begin PBXContainerItemProxy section */
		18457E401F1C5C41000E8D3A /* PBXContainerItemProxy */ = {
			isa = PBXContainerItemProxy;
			containerPortal = 18457E1E1F1C5C41000E8D3A /* Project object */;
			proxyType = 1;
			remoteGlobalIDString = 18457E251F1C5C41000E8D3A;
			remoteInfo = screenShotShare;
		};
		18457E4B1F1C5C41000E8D3A /* PBXContainerItemProxy */ = {
			isa = PBXContainerItemProxy;
			containerPortal = 18457E1E1F1C5C41000E8D3A /* Project object */;
			proxyType = 1;
			remoteGlobalIDString = 18457E251F1C5C41000E8D3A;
			remoteInfo = screenShotShare;
		};
/* End PBXContainerItemProxy section */

/* Begin PBXFileReference section */
		18457E261F1C5C41000E8D3A /* screenShotShare.app */ = {isa = PBXFileReference; explicitFileType = wrapper.application; includeInIndex = 0; path = screenShotShare.app; sourceTree = BUILT_PRODUCTS_DIR; };
		18457E2A1F1C5C41000E8D3A /* main.m */ = {isa = PBXFileReference; lastKnownFileType = sourcecode.c.objc; path = main.m; sourceTree = "<group>"; };
		18457E2C1F1C5C41000E8D3A /* AppDelegate.h */ = {isa = PBXFileReference; lastKnownFileType = sourcecode.c.h; path = AppDelegate.h; sourceTree = "<group>"; };
		18457E2D1F1C5C41000E8D3A /* AppDelegate.m */ = {isa = PBXFileReference; lastKnownFileType = sourcecode.c.objc; path = AppDelegate.m; sourceTree = "<group>"; };
		18457E2F1F1C5C41000E8D3A /* ViewController.h */ = {isa = PBXFileReference; lastKnownFileType = sourcecode.c.h; path = ViewController.h; sourceTree = "<group>"; };
		18457E301F1C5C41000E8D3A /* ViewController.m */ = {isa = PBXFileReference; lastKnownFileType = sourcecode.c.objc; path = ViewController.m; sourceTree = "<group>"; };
		18457E331F1C5C41000E8D3A /* Base */ = {isa = PBXFileReference; lastKnownFileType = file.storyboard; name = Base; path = Base.lproj/Main.storyboard; sourceTree = "<group>"; };
		18457E351F1C5C41000E8D3A /* Assets.xcassets */ = {isa = PBXFileReference; lastKnownFileType = folder.assetcatalog; path = Assets.xcassets; sourceTree = "<group>"; };
		18457E381F1C5C41000E8D3A /* Base */ = {isa = PBXFileReference; lastKnownFileType = file.storyboard; name = Base; path = Base.lproj/LaunchScreen.storyboard; sourceTree = "<group>"; };
		18457E3A1F1C5C41000E8D3A /* Info.plist */ = {isa = PBXFileReference; lastKnownFileType = text.plist.xml; path = Info.plist; sourceTree = "<group>"; };
		18457E3F1F1C5C41000E8D3A /* screenShotShareTests.xctest */ = {isa = PBXFileReference; explicitFileType = wrapper.cfbundle; includeInIndex = 0; path = screenShotShareTests.xctest; sourceTree = BUILT_PRODUCTS_DIR; };
		18457E431F1C5C41000E8D3A /* screenShotShareTests.m */ = {isa = PBXFileReference; lastKnownFileType = sourcecode.c.objc; path = screenShotShareTests.m; sourceTree = "<group>"; };
		18457E451F1C5C41000E8D3A /* Info.plist */ = {isa = PBXFileReference; lastKnownFileType = text.plist.xml; path = Info.plist; sourceTree = "<group>"; };
		18457E4A1F1C5C41000E8D3A /* screenShotShareUITests.xctest */ = {isa = PBXFileReference; explicitFileType = wrapper.cfbundle; includeInIndex = 0; path = screenShotShareUITests.xctest; sourceTree = BUILT_PRODUCTS_DIR; };
		18457E4E1F1C5C41000E8D3A /* screenShotShareUITests.m */ = {isa = PBXFileReference; lastKnownFileType = sourcecode.c.objc; path = screenShotShareUITests.m; sourceTree = "<group>"; };
		18457E501F1C5C41000E8D3A /* Info.plist */ = {isa = PBXFileReference; lastKnownFileType = text.plist.xml; path = Info.plist; sourceTree = "<group>"; };
		18457E601F1C5D90000E8D3A /* WechatIMG15.jpeg */ = {isa = PBXFileReference; lastKnownFileType = image.jpeg; path = WechatIMG15.jpeg; sourceTree = "<group>"; };
		18457E631F1C5ED0000E8D3A /* DPScreenshotsPopView.h */ = {isa = PBXFileReference; fileEncoding = 4; lastKnownFileType = sourcecode.c.h; path = DPScreenshotsPopView.h; sourceTree = "<group>"; };
		18457E641F1C5ED0000E8D3A /* DPScreenshotsPopView.m */ = {isa = PBXFileReference; fileEncoding = 4; lastKnownFileType = sourcecode.c.objc; path = DPScreenshotsPopView.m; sourceTree = "<group>"; };
		18457E661F1C5ED0000E8D3A /* ShotBlocker.h */ = {isa = PBXFileReference; fileEncoding = 4; lastKnownFileType = sourcecode.c.h; path = ShotBlocker.h; sourceTree = "<group>"; };
		18457E671F1C5ED0000E8D3A /* ShotBlocker.m */ = {isa = PBXFileReference; fileEncoding = 4; lastKnownFileType = sourcecode.c.objc; path = ShotBlocker.m; sourceTree = "<group>"; };
		18457E691F1C5ED0000E8D3A /* YLButton.h */ = {isa = PBXFileReference; fileEncoding = 4; lastKnownFileType = sourcecode.c.h; path = YLButton.h; sourceTree = "<group>"; };
		18457E6A1F1C5ED0000E8D3A /* YLButton.m */ = {isa = PBXFileReference; fileEncoding = 4; lastKnownFileType = sourcecode.c.objc; path = YLButton.m; sourceTree = "<group>"; };
/* End PBXFileReference section */

/* Begin PBXFrameworksBuildPhase section */
		18457E231F1C5C41000E8D3A /* Frameworks */ = {
			isa = PBXFrameworksBuildPhase;
			buildActionMask = 2147483647;
			files = (
			);
			runOnlyForDeploymentPostprocessing = 0;
		};
		18457E3C1F1C5C41000E8D3A /* Frameworks */ = {
			isa = PBXFrameworksBuildPhase;
			buildActionMask = 2147483647;
			files = (
			);
			runOnlyForDeploymentPostprocessing = 0;
		};
		18457E471F1C5C41000E8D3A /* Frameworks */ = {
			isa = PBXFrameworksBuildPhase;
			buildActionMask = 2147483647;
			files = (
			);
			runOnlyForDeploymentPostprocessing = 0;
		};
/* End PBXFrameworksBuildPhase section */

/* Begin PBXGroup section */
		18457E1D1F1C5C41000E8D3A = {
			isa = PBXGroup;
			children = (
				18457E281F1C5C41000E8D3A /* screenShotShare */,
				18457E421F1C5C41000E8D3A /* screenShotShareTests */,
				18457E4D1F1C5C41000E8D3A /* screenShotShareUITests */,
				18457E271F1C5C41000E8D3A /* Products */,
			);
			sourceTree = "<group>";
		};
		18457E271F1C5C41000E8D3A /* Products */ = {
			isa = PBXGroup;
			children = (
				18457E261F1C5C41000E8D3A /* screenShotShare.app */,
				18457E3F1F1C5C41000E8D3A /* screenShotShareTests.xctest */,
				18457E4A1F1C5C41000E8D3A /* screenShotShareUITests.xctest */,
			);
			name = Products;
			sourceTree = "<group>";
		};
		18457E281F1C5C41000E8D3A /* screenShotShare */ = {
			isa = PBXGroup;
			children = (
				18457E621F1C5ED0000E8D3A /* DPScreenshots */,
				18457E601F1C5D90000E8D3A /* WechatIMG15.jpeg */,
				18457E2C1F1C5C41000E8D3A /* AppDelegate.h */,
				18457E2D1F1C5C41000E8D3A /* AppDelegate.m */,
				18457E2F1F1C5C41000E8D3A /* ViewController.h */,
				18457E301F1C5C41000E8D3A /* ViewController.m */,
				18457E321F1C5C41000E8D3A /* Main.storyboard */,
				18457E351F1C5C41000E8D3A /* Assets.xcassets */,
				18457E371F1C5C41000E8D3A /* LaunchScreen.storyboard */,
				18457E3A1F1C5C41000E8D3A /* Info.plist */,
				18457E291F1C5C41000E8D3A /* Supporting Files */,
			);
			path = screenShotShare;
			sourceTree = "<group>";
		};
		18457E291F1C5C41000E8D3A /* Supporting Files */ = {
			isa = PBXGroup;
			children = (
				18457E2A1F1C5C41000E8D3A /* main.m */,
			);
			name = "Supporting Files";
			sourceTree = "<group>";
		};
		18457E421F1C5C41000E8D3A /* screenShotShareTests */ = {
			isa = PBXGroup;
			children = (
				18457E431F1C5C41000E8D3A /* screenShotShareTests.m */,
				18457E451F1C5C41000E8D3A /* Info.plist */,
			);
			path = screenShotShareTests;
			sourceTree = "<group>";
		};
		18457E4D1F1C5C41000E8D3A /* screenShotShareUITests */ = {
			isa = PBXGroup;
			children = (
				18457E4E1F1C5C41000E8D3A /* screenShotShareUITests.m */,
				18457E501F1C5C41000E8D3A /* Info.plist */,
			);
			path = screenShotShareUITests;
			sourceTree = "<group>";
		};
		18457E621F1C5ED0000E8D3A /* DPScreenshots */ = {
			isa = PBXGroup;
			children = (
				18457E631F1C5ED0000E8D3A /* DPScreenshotsPopView.h */,
				18457E641F1C5ED0000E8D3A /* DPScreenshotsPopView.m */,
				18457E651F1C5ED0000E8D3A /* ShotBlocker */,
				18457E681F1C5ED0000E8D3A /* YLButton */,
			);
			path = DPScreenshots;
			sourceTree = "<group>";
		};
		18457E651F1C5ED0000E8D3A /* ShotBlocker */ = {
			isa = PBXGroup;
			children = (
				18457E661F1C5ED0000E8D3A /* ShotBlocker.h */,
				18457E671F1C5ED0000E8D3A /* ShotBlocker.m */,
			);
			path = ShotBlocker;
			sourceTree = "<group>";
		};
		18457E681F1C5ED0000E8D3A /* YLButton */ = {
			isa = PBXGroup;
			children = (
				18457E691F1C5ED0000E8D3A /* YLButton.h */,
				18457E6A1F1C5ED0000E8D3A /* YLButton.m */,
			);
			path = YLButton;
			sourceTree = "<group>";
		};
/* End PBXGroup section */

/* Begin PBXNativeTarget section */
		18457E251F1C5C41000E8D3A /* screenShotShare */ = {
			isa = PBXNativeTarget;
			buildConfigurationList = 18457E531F1C5C41000E8D3A /* Build configuration list for PBXNativeTarget "screenShotShare" */;
			buildPhases = (
				18457E221F1C5C41000E8D3A /* Sources */,
				18457E231F1C5C41000E8D3A /* Frameworks */,
				18457E241F1C5C41000E8D3A /* Resources */,
			);
			buildRules = (
			);
			dependencies = (
			);
			name = screenShotShare;
			productName = screenShotShare;
			productReference = 18457E261F1C5C41000E8D3A /* screenShotShare.app */;
			productType = "com.apple.product-type.application";
		};
		18457E3E1F1C5C41000E8D3A /* screenShotShareTests */ = {
			isa = PBXNativeTarget;
			buildConfigurationList = 18457E561F1C5C41000E8D3A /* Build configuration list for PBXNativeTarget "screenShotShareTests" */;
			buildPhases = (
				18457E3B1F1C5C41000E8D3A /* Sources */,
				18457E3C1F1C5C41000E8D3A /* Frameworks */,
				18457E3D1F1C5C41000E8D3A /* Resources */,
			);
			buildRules = (
			);
			dependencies = (
				18457E411F1C5C41000E8D3A /* PBXTargetDependency */,
			);
			name = screenShotShareTests;
			productName = screenShotShareTests;
			productReference = 18457E3F1F1C5C41000E8D3A /* screenShotShareTests.xctest */;
			productType = "com.apple.product-type.bundle.unit-test";
		};
		18457E491F1C5C41000E8D3A /* screenShotShareUITests */ = {
			isa = PBXNativeTarget;
			buildConfigurationList = 18457E591F1C5C41000E8D3A /* Build configuration list for PBXNativeTarget "screenShotShareUITests" */;
			buildPhases = (
				18457E461F1C5C41000E8D3A /* Sources */,
				18457E471F1C5C41000E8D3A /* Frameworks */,
				18457E481F1C5C41000E8D3A /* Resources */,
			);
			buildRules = (
			);
			dependencies = (
				18457E4C1F1C5C41000E8D3A /* PBXTargetDependency */,
			);
			name = screenShotShareUITests;
			productName = screenShotShareUITests;
			productReference = 18457E4A1F1C5C41000E8D3A /* screenShotShareUITests.xctest */;
			productType = "com.apple.product-type.bundle.ui-testing";
		};
/* End PBXNativeTarget section */

/* Begin PBXProject section */
		18457E1E1F1C5C41000E8D3A /* Project object */ = {
			isa = PBXProject;
			attributes = {
				LastUpgradeCheck = 0830;
				ORGANIZATIONNAME = KennyHito;
				TargetAttributes = {
					18457E251F1C5C41000E8D3A = {
						CreatedOnToolsVersion = 8.3.3;
						DevelopmentTeam = 3PV6M3KT2L;
						ProvisioningStyle = Automatic;
					};
					18457E3E1F1C5C41000E8D3A = {
						CreatedOnToolsVersion = 8.3.3;
						DevelopmentTeam = 3PV6M3KT2L;
						ProvisioningStyle = Automatic;
						TestTargetID = 18457E251F1C5C41000E8D3A;
					};
					18457E491F1C5C41000E8D3A = {
						CreatedOnToolsVersion = 8.3.3;
						DevelopmentTeam = 3PV6M3KT2L;
						ProvisioningStyle = Automatic;
						TestTargetID = 18457E251F1C5C41000E8D3A;
					};
				};
			};
			buildConfigurationList = 18457E211F1C5C41000E8D3A /* Build configuration list for PBXProject "screenShotShare" */;
			compatibilityVersion = "Xcode 3.2";
			developmentRegion = English;
			hasScannedForEncodings = 0;
			knownRegions = (
				en,
				Base,
			);
			mainGroup = 18457E1D1F1C5C41000E8D3A;
			productRefGroup = 18457E271F1C5C41000E8D3A /* Products */;
			projectDirPath = "";
			projectRoot = "";
			targets = (
				18457E251F1C5C41000E8D3A /* screenShotShare */,
				18457E3E1F1C5C41000E8D3A /* screenShotShareTests */,
				18457E491F1C5C41000E8D3A /* screenShotShareUITests */,
			);
		};
/* End PBXProject section */

/* Begin PBXResourcesBuildPhase section */
		18457E241F1C5C41000E8D3A /* Resources */ = {
			isa = PBXResourcesBuildPhase;
			buildActionMask = 2147483647;
			files = (
				18457E391F1C5C41000E8D3A /* LaunchScreen.storyboard in Resources */,
				18457E361F1C5C41000E8D3A /* Assets.xcassets in Resources */,
				18457E341F1C5C41000E8D3A /* Main.storyboard in Resources */,
				18457E611F1C5D90000E8D3A /* WechatIMG15.jpeg in Resources */,
			);
			runOnlyForDeploymentPostprocessing = 0;
		};
		18457E3D1F1C5C41000E8D3A /* Resources */ = {
			isa = PBXResourcesBuildPhase;
			buildActionMask = 2147483647;
			files = (
			);
			runOnlyForDeploymentPostprocessing = 0;
		};
		18457E481F1C5C41000E8D3A /* Resources */ = {
			isa = PBXResourcesBuildPhase;
			buildActionMask = 2147483647;
			files = (
			);
			runOnlyForDeploymentPostprocessing = 0;
		};
/* End PBXResourcesBuildPhase section */

/* Begin PBXSourcesBuildPhase section */
		18457E221F1C5C41000E8D3A /* Sources */ = {
			isa = PBXSourcesBuildPhase;
			buildActionMask = 2147483647;
			files = (
				18457E6B1F1C5ED0000E8D3A /* DPScreenshotsPopView.m in Sources */,
				18457E311F1C5C41000E8D3A /* ViewController.m in Sources */,
				18457E6D1F1C5ED0000E8D3A /* YLButton.m in Sources */,
				18457E6C1F1C5ED0000E8D3A /* ShotBlocker.m in Sources */,
				18457E2E1F1C5C41000E8D3A /* AppDelegate.m in Sources */,
				18457E2B1F1C5C41000E8D3A /* main.m in Sources */,
			);
			runOnlyForDeploymentPostprocessing = 0;
		};
		18457E3B1F1C5C41000E8D3A /* Sources */ = {
			isa = PBXSourcesBuildPhase;
			buildActionMask = 2147483647;
			files = (
				18457E441F1C5C41000E8D3A /* screenShotShareTests.m in Sources */,
			);
			runOnlyForDeploymentPostprocessing = 0;
		};
		18457E461F1C5C41000E8D3A /* Sources */ = {
			isa = PBXSourcesBuildPhase;
			buildActionMask = 2147483647;
			files = (
				18457E4F1F1C5C41000E8D3A /* screenShotShareUITests.m in Sources */,
			);
			runOnlyForDeploymentPostprocessing = 0;
		};
/* End PBXSourcesBuildPhase section */

/* Begin PBXTargetDependency section */
		18457E411F1C5C41000E8D3A /* PBXTargetDependency */ = {
			isa = PBXTargetDependency;
			target = 18457E251F1C5C41000E8D3A /* screenShotShare */;
			targetProxy = 18457E401F1C5C41000E8D3A /* PBXContainerItemProxy */;
		};
		18457E4C1F1C5C41000E8D3A /* PBXTargetDependency */ = {
			isa = PBXTargetDependency;
			target = 18457E251F1C5C41000E8D3A /* screenShotShare */;
			targetProxy = 18457E4B1F1C5C41000E8D3A /* PBXContainerItemProxy */;
		};
/* End PBXTargetDependency section */

/* Begin PBXVariantGroup section */
		18457E321F1C5C41000E8D3A /* Main.storyboard */ = {
			isa = PBXVariantGroup;
			children = (
				18457E331F1C5C41000E8D3A /* Base */,
			);
			name = Main.storyboard;
			sourceTree = "<group>";
		};
		18457E371F1C5C41000E8D3A /* LaunchScreen.storyboard */ = {
			isa = PBXVariantGroup;
			children = (
				18457E381F1C5C41000E8D3A /* Base */,
			);
			name = LaunchScreen.storyboard;
			sourceTree = "<group>";
		};
/* End PBXVariantGroup section */

/* Begin XCBuildConfiguration section */
		18457E511F1C5C41000E8D3A /* Debug */ = {
			isa = XCBuildConfiguration;
			buildSettings = {
				ALWAYS_SEARCH_USER_PATHS = NO;
				CLANG_ANALYZER_NONNULL = YES;
				CLANG_ANALYZER_NUMBER_OBJECT_CONVERSION = YES_AGGRESSIVE;
				CLANG_CXX_LANGUAGE_STANDARD = "gnu++0x";
				CLANG_CXX_LIBRARY = "libc++";
				CLANG_ENABLE_MODULES = YES;
				CLANG_ENABLE_OBJC_ARC = YES;
				CLANG_WARN_BOOL_CONVERSION = YES;
				CLANG_WARN_CONSTANT_CONVERSION = YES;
				CLANG_WARN_DIRECT_OBJC_ISA_USAGE = YES_ERROR;
				CLANG_WARN_DOCUMENTATION_COMMENTS = YES;
				CLANG_WARN_EMPTY_BODY = YES;
				CLANG_WARN_ENUM_CONVERSION = YES;
				CLANG_WARN_INFINITE_RECURSION = YES;
				CLANG_WARN_INT_CONVERSION = YES;
				CLANG_WARN_OBJC_ROOT_CLASS = YES_ERROR;
				CLANG_WARN_SUSPICIOUS_MOVE = YES;
				CLANG_WARN_UNREACHABLE_CODE = YES;
				CLANG_WARN__DUPLICATE_METHOD_MATCH = YES;
				"CODE_SIGN_IDENTITY[sdk=iphoneos*]" = "iPhone Developer";
				COPY_PHASE_STRIP = NO;
				DEBUG_INFORMATION_FORMAT = dwarf;
				ENABLE_STRICT_OBJC_MSGSEND = YES;
				ENABLE_TESTABILITY = YES;
				GCC_C_LANGUAGE_STANDARD = gnu99;
				GCC_DYNAMIC_NO_PIC = NO;
				GCC_NO_COMMON_BLOCKS = YES;
				GCC_OPTIMIZATION_LEVEL = 0;
				GCC_PREPROCESSOR_DEFINITIONS = (
					"DEBUG=1",
					"$(inherited)",
				);
				GCC_WARN_64_TO_32_BIT_CONVERSION = YES;
				GCC_WARN_ABOUT_RETURN_TYPE = YES_ERROR;
				GCC_WARN_UNDECLARED_SELECTOR = YES;
				GCC_WARN_UNINITIALIZED_AUTOS = YES_AGGRESSIVE;
				GCC_WARN_UNUSED_FUNCTION = YES;
				GCC_WARN_UNUSED_VARIABLE = YES;
				IPHONEOS_DEPLOYMENT_TARGET = 10.3;
				MTL_ENABLE_DEBUG_INFO = YES;
				ONLY_ACTIVE_ARCH = YES;
				SDKROOT = iphoneos;
			};
			name = Debug;
		};
		18457E521F1C5C41000E8D3A /* Release */ = {
			isa = XCBuildConfiguration;
			buildSettings = {
				ALWAYS_SEARCH_USER_PATHS = NO;
				CLANG_ANALYZER_NONNULL = YES;
				CLANG_ANALYZER_NUMBER_OBJECT_CONVERSION = YES_AGGRESSIVE;
				CLANG_CXX_LANGUAGE_STANDARD = "gnu++0x";
				CLANG_CXX_LIBRARY = "libc++";
				CLANG_ENABLE_MODULES = YES;
				CLANG_ENABLE_OBJC_ARC = YES;
				CLANG_WARN_BOOL_CONVERSION = YES;
				CLANG_WARN_CONSTANT_CONVERSION = YES;
				CLANG_WARN_DIRECT_OBJC_ISA_USAGE = YES_ERROR;
				CLANG_WARN_DOCUMENTATION_COMMENTS = YES;
				CLANG_WARN_EMPTY_BODY = YES;
				CLANG_WARN_ENUM_CONVERSION = YES;
				CLANG_WARN_INFINITE_RECURSION = YES;
				CLANG_WARN_INT_CONVERSION = YES;
				CLANG_WARN_OBJC_ROOT_CLASS = YES_ERROR;
				CLANG_WARN_SUSPICIOUS_MOVE = YES;
				CLANG_WARN_UNREACHABLE_CODE = YES;
				CLANG_WARN__DUPLICATE_METHOD_MATCH = YES;
				"CODE_SIGN_IDENTITY[sdk=iphoneos*]" = "iPhone Developer";
				COPY_PHASE_STRIP = NO;
				DEBUG_INFORMATION_FORMAT = "dwarf-with-dsym";
				ENABLE_NS_ASSERTIONS = NO;
				ENABLE_STRICT_OBJC_MSGSEND = YES;
				GCC_C_LANGUAGE_STANDARD = gnu99;
				GCC_NO_COMMON_BLOCKS = YES;
				GCC_WARN_64_TO_32_BIT_CONVERSION = YES;
				GCC_WARN_ABOUT_RETURN_TYPE = YES_ERROR;
				GCC_WARN_UNDECLARED_SELECTOR = YES;
				GCC_WARN_UNINITIALIZED_AUTOS = YES_AGGRESSIVE;
				GCC_WARN_UNUSED_FUNCTION = YES;
				GCC_WARN_UNUSED_VARIABLE = YES;
				IPHONEOS_DEPLOYMENT_TARGET = 10.3;
				MTL_ENABLE_DEBUG_INFO = NO;
				SDKROOT = iphoneos;
				VALIDATE_PRODUCT = YES;
			};
			name = Release;
		};
		18457E541F1C5C41000E8D3A /* Debug */ = {
			isa = XCBuildConfiguration;
			buildSettings = {
				ASSETCATALOG_COMPILER_APPICON_NAME = AppIcon;
				DEVELOPMENT_TEAM = 3PV6M3KT2L;
				INFOPLIST_FILE = screenShotShare/Info.plist;
				IPHONEOS_DEPLOYMENT_TARGET = 8.0;
				LD_RUNPATH_SEARCH_PATHS = "$(inherited) @executable_path/Frameworks";
				PRODUCT_BUNDLE_IDENTIFIER = com.KennyHito.screenShotShare;
				PRODUCT_NAME = "$(TARGET_NAME)";
			};
			name = Debug;
		};
		18457E551F1C5C41000E8D3A /* Release */ = {
			isa = XCBuildConfiguration;
			buildSettings = {
				ASSETCATALOG_COMPILER_APPICON_NAME = AppIcon;
				DEVELOPMENT_TEAM = 3PV6M3KT2L;
				INFOPLIST_FILE = screenShotShare/Info.plist;
				IPHONEOS_DEPLOYMENT_TARGET = 8.0;
				LD_RUNPATH_SEARCH_PATHS = "$(inherited) @executable_path/Frameworks";
				PRODUCT_BUNDLE_IDENTIFIER = com.KennyHito.screenShotShare;
				PRODUCT_NAME = "$(TARGET_NAME)";
			};
			name = Release;
		};
		18457E571F1C5C41000E8D3A /* Debug */ = {
			isa = XCBuildConfiguration;
			buildSettings = {
				BUNDLE_LOADER = "$(TEST_HOST)";
				DEVELOPMENT_TEAM = 3PV6M3KT2L;
				INFOPLIST_FILE = screenShotShareTests/Info.plist;
				LD_RUNPATH_SEARCH_PATHS = "$(inherited) @executable_path/Frameworks @loader_path/Frameworks";
				PRODUCT_BUNDLE_IDENTIFIER = com.KennyHito.screenShotShareTests;
				PRODUCT_NAME = "$(TARGET_NAME)";
				TEST_HOST = "$(BUILT_PRODUCTS_DIR)/screenShotShare.app/screenShotShare";
			};
			name = Debug;
		};
		18457E581F1C5C41000E8D3A /* Release */ = {
			isa = XCBuildConfiguration;
			buildSettings = {
				BUNDLE_LOADER = "$(TEST_HOST)";
				DEVELOPMENT_TEAM = 3PV6M3KT2L;
				INFOPLIST_FILE = screenShotShareTests/Info.plist;
				LD_RUNPATH_SEARCH_PATHS = "$(inherited) @executable_path/Frameworks @loader_path/Frameworks";
				PRODUCT_BUNDLE_IDENTIFIER = com.KennyHito.screenShotShareTests;
				PRODUCT_NAME = "$(TARGET_NAME)";
				TEST_HOST = "$(BUILT_PRODUCTS_DIR)/screenShotShare.app/screenShotShare";
			};
			name = Release;
		};
		18457E5A1F1C5C41000E8D3A /* Debug */ = {
			isa = XCBuildConfiguration;
			buildSettings = {
				DEVELOPMENT_TEAM = 3PV6M3KT2L;
				INFOPLIST_FILE = screenShotShareUITests/Info.plist;
				LD_RUNPATH_SEARCH_PATHS = "$(inherited) @executable_path/Frameworks @loader_path/Frameworks";
				PRODUCT_BUNDLE_IDENTIFIER = com.KennyHito.screenShotShareUITests;
				PRODUCT_NAME = "$(TARGET_NAME)";
				TEST_TARGET_NAME = screenShotShare;
			};
			name = Debug;
		};
		18457E5B1F1C5C41000E8D3A /* Release */ = {
			isa = XCBuildConfiguration;
			buildSettings = {
				DEVELOPMENT_TEAM = 3PV6M3KT2L;
				INFOPLIST_FILE = screenShotShareUITests/Info.plist;
				LD_RUNPATH_SEARCH_PATHS = "$(inherited) @executable_path/Frameworks @loader_path/Frameworks";
				PRODUCT_BUNDLE_IDENTIFIER = com.KennyHito.screenShotShareUITests;
				PRODUCT_NAME = "$(TARGET_NAME)";
				TEST_TARGET_NAME = screenShotShare;
			};
			name = Release;
		};
/* End XCBuildConfiguration section */

/* Begin XCConfigurationList section */
		18457E211F1C5C41000E8D3A /* Build configuration list for PBXProject "screenShotShare" */ = {
			isa = XCConfigurationList;
			buildConfigurations = (
				18457E511F1C5C41000E8D3A /* Debug */,
				18457E521F1C5C41000E8D3A /* Release */,
			);
			defaultConfigurationIsVisible = 0;
			defaultConfigurationName = Release;
		};
		18457E531F1C5C41000E8D3A /* Build configuration list for PBXNativeTarget "screenShotShare" */ = {
			isa = XCConfigurationList;
			buildConfigurations = (
				18457E541F1C5C41000E8D3A /* Debug */,
				18457E551F1C5C41000E8D3A /* Release */,
			);
			defaultConfigurationIsVisible = 0;
		};
		18457E561F1C5C41000E8D3A /* Build configuration list for PBXNativeTarget "screenShotShareTests" */ = {
			isa = XCConfigurationList;
			buildConfigurations = (
				18457E571F1C5C41000E8D3A /* Debug */,
				18457E581F1C5C41000E8D3A /* Release */,
			);
			defaultConfigurationIsVisible = 0;
		};
		18457E591F1C5C41000E8D3A /* Build configuration list for PBXNativeTarget "screenShotShareUITests" */ = {
			isa = XCConfigurationList;
			buildConfigurations = (
				18457E5A1F1C5C41000E8D3A /* Debug */,
				18457E5B1F1C5C41000E8D3A /* Release */,
			);
			defaultConfigurationIsVisible = 0;
		};
/* End XCConfigurationList section */
	};
	rootObject = 18457E1E1F1C5C41000E8D3A /* Project object */;
}
